{
  "pins" : [
    {
      "identity" : "swiftdemangle",
      "kind" : "remoteSourceControl",
      "location" : "https://github.com/oozoofrog/SwiftDemangle",
      "state" : {
        "revision" : "bd8933cccc0c912c15d396fc23f51b072dc72654",
        "version" : "5.5.9"
      }
    }
  ],
  "version" : 2
}
