{
  "originHash" : "8c42e5e59cf1caada0e966fd3402c2567d85eb3954bf577541c21226fc33c3c6",
  "pins" : [
    {
      "identity" : "swift-algorithms",
      "kind" : "remoteSourceControl",
      "location" : "https://github.com/apple/swift-algorithms",
      "state" : {
        "revision" : "87e50f483c54e6efd60e885f7f5aa946cee68023",
        "version" : "1.2.1"
      }
    },
    {
      "identity" : "swift-custom-dump",
      "kind" : "remoteSourceControl",
      "location" : "https://github.com/pointfreeco/swift-custom-dump",
      "state" : {
        "revision" : "06c57924455064182d6b217f06ebc05d00cb2990",
        "version" : "1.5.0"
      }
    },
    {
      "identity" : "swift-docc-plugin",
      "kind" : "remoteSourceControl",
      "location" : "https://github.com/apple/swift-docc-plugin.git",
      "state" : {
        "revision" : "e977f65879f82b375a044c8837597f690c067da6",
        "version" : "1.4.6"
      }
    },
    {
      "identity" : "swift-docc-symbolkit",
      "kind" : "remoteSourceControl",
      "location" : "https://github.com/swiftlang/swift-docc-symbolkit",
      "state" : {
        "revision" : "b45d1f2ed151d057b54504d653e0da5552844e34",
        "version" : "1.0.0"
      }
    },
    {
      "identity" : "swift-numerics",
      "kind" : "remoteSourceControl",
      "location" : "https://github.com/apple/swift-numerics.git",
      "state" : {
        "revision" : "0c0290ff6b24942dadb83a929ffaaa1481df04a2",
        "version" : "1.1.1"
      }
    },
    {
      "identity" : "swift-snapshot-testing",
      "kind" : "remoteSourceControl",
      "location" : "https://github.com/pointfreeco/swift-snapshot-testing",
      "state" : {
        "revision" : "ad5e3190cc63dc288f28546f9c6827efc1e9d495",
        "version" : "1.19.2"
      }
    },
    {
      "identity" : "swift-syntax",
      "kind" : "remoteSourceControl",
      "location" : "https://github.com/swiftlang/swift-syntax",
      "state" : {
        "revision" : "2b59c0c741e9184ab057fd22950b491076d42e91",
        "version" : "603.0.0"
      }
    },
    {
      "identity" : "xctest-dynamic-overlay",
      "kind" : "remoteSourceControl",
      "location" : "https://github.com/pointfreeco/xctest-dynamic-overlay",
      "state" : {
        "revision" : "dfd70507def84cb5fb821278448a262c6ff2bbad",
        "version" : "1.9.0"
      }
    }
  ],
  "version" : 3
}
